// !$*UTF8*$!
{
	archiveVersion = 1;
	classes = {
	};
	objectVersion = 46;
	objects = {

/* Begin PBXBuildFile section */
		9E22896E1E414DD600D07A74 /* DetailViewController.swift in Sources */ = {isa = PBXBuildFile; fileRef = 9E22896D1E414DD600D07A74 /* DetailViewController.swift */; };
		9E3F96EC1E36D51600854A39 /* AppDelegate.swift in Sources */ = {isa = PBXBuildFile; fileRef = 9E3F96EB1E36D51600854A39 /* AppDelegate.swift */; };
		9E3F96F11E36D51600854A39 /* Main.storyboard in Resources */ = {isa = PBXBuildFile; fileRef = 9E3F96EF1E36D51600854A39 /* Main.storyboard */; };
		9E3F96F31E36D51600854A39 /* Assets.xcassets in Resources */ = {isa = PBXBuildFile; fileRef = 9E3F96F21E36D51600854A39 /* Assets.xcassets */; };
		9E3F96F61E36D51600854A39 /* LaunchScreen.storyboard in Resources */ = {isa = PBXBuildFile; fileRef = 9E3F96F41E36D51600854A39 /* LaunchScreen.storyboard */; };
		9E3F96FE1E36D90E00854A39 /* MoviesViewController.swift in Sources */ = {isa = PBXBuildFile; fileRef = 9E3F96FD1E36D90E00854A39 /* MoviesViewController.swift */; };
		9E3F97011E36F4DC00854A39 /* MovieCell.swift in Sources */ = {isa = PBXBuildFile; fileRef = 9E3F97001E36F4DC00854A39 /* MovieCell.swift */; };
		CD9F4BC378002F6B2706002E /* Pods_TopMovies.framework in Frameworks */ = {isa = PBXBuildFile; fileRef = BE0E45E0804C2F408E313B3B /* Pods_TopMovies.framework */; };
/* End PBXBuildFile section */

/* Begin PBXFileReference section */
		0170FC4AAC2C94A2B6E3E855 /* Pods-TopMovies.debug.xcconfig */ = {isa = PBXFileReference; includeInIndex = 1; lastKnownFileType = text.xcconfig; name = "Pods-TopMovies.debug.xcconfig"; path = "Pods/Target Support Files/Pods-TopMovies/Pods-TopMovies.debug.xcconfig"; sourceTree = "<group>"; };
		10C3D7E09838CE5B21241B43 /* Pods-TopMovies.release.xcconfig */ = {isa = PBXFileReference; includeInIndex = 1; lastKnownFileType = text.xcconfig; name = "Pods-TopMovies.release.xcconfig"; path = "Pods/Target Support Files/Pods-TopMovies/Pods-TopMovies.release.xcconfig"; sourceTree = "<group>"; };
		9E22896D1E414DD600D07A74 /* DetailViewController.swift */ = {isa = PBXFileReference; fileEncoding = 4; lastKnownFileType = sourcecode.swift; path = DetailViewController.swift; sourceTree = "<group>"; };
		9E3F96E81E36D51600854A39 /* Flicks.app */ = {isa = PBXFileReference; explicitFileType = wrapper.application; includeInIndex = 0; path = Flicks.app; sourceTree = BUILT_PRODUCTS_DIR; };
		9E3F96EB1E36D51600854A39 /* AppDelegate.swift */ = {isa = PBXFileReference; lastKnownFileType = sourcecode.swift; path = AppDelegate.swift; sourceTree = "<group>"; };
		9E3F96F01E36D51600854A39 /* Base */ = {isa = PBXFileReference; lastKnownFileType = file.storyboard; name = Base; path = Base.lproj/Main.storyboard; sourceTree = "<group>"; };
		9E3F96F21E36D51600854A39 /* Assets.xcassets */ = {isa = PBXFileReference; lastKnownFileType = folder.assetcatalog; path = Assets.xcassets; sourceTree = "<group>"; };
		9E3F96F51E36D51600854A39 /* Base */ = {isa = PBXFileReference; lastKnownFileType = file.storyboard; name = Base; path = Base.lproj/LaunchScreen.storyboard; sourceTree = "<group>"; };
		9E3F96F71E36D51600854A39 /* Info.plist */ = {isa = PBXFileReference; lastKnownFileType = text.plist.xml; path = Info.plist; sourceTree = "<group>"; };
		9E3F96FD1E36D90E00854A39 /* MoviesViewController.swift */ = {isa = PBXFileReference; fileEncoding = 4; lastKnownFileType = sourcecode.swift; path = MoviesViewController.swift; sourceTree = "<group>"; };
		9E3F97001E36F4DC00854A39 /* MovieCell.swift */ = {isa = PBXFileReference; fileEncoding = 4; lastKnownFileType = sourcecode.swift; path = MovieCell.swift; sourceTree = "<group>"; };
		BE0E45E0804C2F408E313B3B /* Pods_TopMovies.framework */ = {isa = PBXFileReference; explicitFileType = wrapper.framework; includeInIndex = 0; path = Pods_TopMovies.framework; sourceTree = BUILT_PRODUCTS_DIR; };
/* End PBXFileReference section */

/* Begin PBXFrameworksBuildPhase section */
		9E3F96E51E36D51600854A39 /* Frameworks */ = {
			isa = PBXFrameworksBuildPhase;
			buildActionMask = 2147483647;
			files = (
				CD9F4BC378002F6B2706002E /* Pods_TopMovies.framework in Frameworks */,
			);
			runOnlyForDeploymentPostprocessing = 0;
		};
/* End PBXFrameworksBuildPhase section */

/* Begin PBXGroup section */
		0A079F99C4BFBEFF8C17CAE1 /* Pods */ = {
			isa = PBXGroup;
			children = (
				0170FC4AAC2C94A2B6E3E855 /* Pods-TopMovies.debug.xcconfig */,
				10C3D7E09838CE5B21241B43 /* Pods-TopMovies.release.xcconfig */,
			);
			name = Pods;
			sourceTree = "<group>";
		};
		6CC918B82A543738F17E4528 /* Frameworks */ = {
			isa = PBXGroup;
			children = (
				BE0E45E0804C2F408E313B3B /* Pods_TopMovies.framework */,
			);
			name = Frameworks;
			sourceTree = "<group>";
		};
		9E3F96DF1E36D51600854A39 = {
			isa = PBXGroup;
			children = (
				9E3F96EA1E36D51600854A39 /* Flicks */,
				9E3F96E91E36D51600854A39 /* Products */,
				0A079F99C4BFBEFF8C17CAE1 /* Pods */,
				6CC918B82A543738F17E4528 /* Frameworks */,
			);
			sourceTree = "<group>";
		};
		9E3F96E91E36D51600854A39 /* Products */ = {
			isa = PBXGroup;
			children = (
				9E3F96E81E36D51600854A39 /* Flicks.app */,
			);
			name = Products;
			sourceTree = "<group>";
		};
		9E3F96EA1E36D51600854A39 /* Flicks */ = {
			isa = PBXGroup;
			children = (
				9E3F97021E36F4E700854A39 /* View Controllers */,
				9E3F96FF1E36F4AE00854A39 /* Views */,
				9E3F96EB1E36D51600854A39 /* AppDelegate.swift */,
				9E3F96EF1E36D51600854A39 /* Main.storyboard */,
				9E3F96F21E36D51600854A39 /* Assets.xcassets */,
				9E3F96F41E36D51600854A39 /* LaunchScreen.storyboard */,
				9E3F96F71E36D51600854A39 /* Info.plist */,
			);
			name = Flicks;
			path = TopMovies;
			sourceTree = "<group>";
		};
		9E3F96FF1E36F4AE00854A39 /* Views */ = {
			isa = PBXGroup;
			children = (
				9E3F97001E36F4DC00854A39 /* MovieCell.swift */,
			);
			name = Views;
			sourceTree = "<group>";
		};
		9E3F97021E36F4E700854A39 /* View Controllers */ = {
			isa = PBXGroup;
			children = (
				9E3F96FD1E36D90E00854A39 /* MoviesViewController.swift */,
				9E22896D1E414DD600D07A74 /* DetailViewController.swift */,
			);
			name = "View Controllers";
			sourceTree = "<group>";
		};
/* End PBXGroup section */

/* Begin PBXNativeTarget section */
		9E3F96E71E36D51600854A39 /* Flicks */ = {
			isa = PBXNativeTarget;
			buildConfigurationList = 9E3F96FA1E36D51600854A39 /* Build configuration list for PBXNativeTarget "Flicks" */;
			buildPhases = (
				A8ADC7A98ABBE870AD30BC1C /* [CP] Check Pods Manifest.lock */,
				9E3F96E41E36D51600854A39 /* Sources */,
				9E3F96E51E36D51600854A39 /* Frameworks */,
				9E3F96E61E36D51600854A39 /* Resources */,
				A827DA9BBF70765935F370C5 /* [CP] Embed Pods Frameworks */,
				D2CFE0CBE931F733ECF1E02C /* [CP] Copy Pods Resources */,
			);
			buildRules = (
			);
			dependencies = (
			);
			name = Flicks;
			productName = TopMovies;
			productReference = 9E3F96E81E36D51600854A39 /* Flicks.app */;
			productType = "com.apple.product-type.application";
		};
/* End PBXNativeTarget section */

/* Begin PBXProject section */
		9E3F96E01E36D51600854A39 /* Project object */ = {
			isa = PBXProject;
			attributes = {
				LastSwiftUpdateCheck = 0820;
				LastUpgradeCheck = 0820;
				ORGANIZATIONNAME = "Hung Do";
				TargetAttributes = {
					9E3F96E71E36D51600854A39 = {
						CreatedOnToolsVersion = 8.2.1;
						DevelopmentTeam = GX7AQ33259;
						ProvisioningStyle = Automatic;
					};
				};
			};
			buildConfigurationList = 9E3F96E31E36D51600854A39 /* Build configuration list for PBXProject "Flicks" */;
			compatibilityVersion = "Xcode 3.2";
			developmentRegion = English;
			hasScannedForEncodings = 0;
			knownRegions = (
				en,
				Base,
			);
			mainGroup = 9E3F96DF1E36D51600854A39;
			productRefGroup = 9E3F96E91E36D51600854A39 /* Products */;
			projectDirPath = "";
			projectRoot = "";
			targets = (
				9E3F96E71E36D51600854A39 /* Flicks */,
			);
		};
/* End PBXProject section */

/* Begin PBXResourcesBuildPhase section */
		9E3F96E61E36D51600854A39 /* Resources */ = {
			isa = PBXResourcesBuildPhase;
			buildActionMask = 2147483647;
			files = (
				9E3F96F61E36D51600854A39 /* LaunchScreen.storyboard in Resources */,
				9E3F96F31E36D51600854A39 /* Assets.xcassets in Resources */,
				9E3F96F11E36D51600854A39 /* Main.storyboard in Resources */,
			);
			runOnlyForDeploymentPostprocessing = 0;
		};
/* End PBXResourcesBuildPhase section */

/* Begin PBXShellScriptBuildPhase section */
		A827DA9BBF70765935F370C5 /* [CP] Embed Pods Frameworks */ = {
			isa = PBXShellScriptBuildPhase;
			buildActionMask = 2147483647;
			files = (
			);
			inputPaths = (
			);
			name = "[CP] Embed Pods Frameworks";
			outputPaths = (
			);
			runOnlyForDeploymentPostprocessing = 0;
			shellPath = /bin/sh;
			shellScript = "\"${SRCROOT}/Pods/Target Support Files/Pods-TopMovies/Pods-TopMovies-frameworks.sh\"\n";
			showEnvVarsInLog = 0;
		};
		A8ADC7A98ABBE870AD30BC1C /* [CP] Check Pods Manifest.lock */ = {
			isa = PBXShellScriptBuildPhase;
			buildActionMask = 2147483647;
			files = (
			);
			inputPaths = (
			);
			name = "[CP] Check Pods Manifest.lock";
			outputPaths = (
			);
			runOnlyForDeploymentPostprocessing = 0;
			shellPath = /bin/sh;
			shellScript = "diff \"${PODS_ROOT}/../Podfile.lock\" \"${PODS_ROOT}/Manifest.lock\" > /dev/null\nif [ $? != 0 ] ; then\n    # print error to STDERR\n    echo \"error: The sandbox is not in sync with the Podfile.lock. Run 'pod install' or update your CocoaPods installation.\" >&2\n    exit 1\nfi\n";
			showEnvVarsInLog = 0;
		};
		D2CFE0CBE931F733ECF1E02C /* [CP] Copy Pods Resources */ = {
			isa = PBXShellScriptBuildPhase;
			buildActionMask = 2147483647;
			files = (
			);
			inputPaths = (
			);
			name = "[CP] Copy Pods Resources";
			outputPaths = (
			);
			runOnlyForDeploymentPostprocessing = 0;
			shellPath = /bin/sh;
			shellScript = "\"${SRCROOT}/Pods/Target Support Files/Pods-TopMovies/Pods-TopMovies-resources.sh\"\n";
			showEnvVarsInLog = 0;
		};
/* End PBXShellScriptBuildPhase section */

/* Begin PBXSourcesBuildPhase section */
		9E3F96E41E36D51600854A39 /* Sources */ = {
			isa = PBXSourcesBuildPhase;
			buildActionMask = 2147483647;
			files = (
				9E3F96FE1E36D90E00854A39 /* MoviesViewController.swift in Sources */,
				9E3F96EC1E36D51600854A39 /* AppDelegate.swift in Sources */,
				9E3F97011E36F4DC00854A39 /* MovieCell.swift in Sources */,
				9E22896E1E414DD600D07A74 /* DetailViewController.swift in Sources */,
			);
			runOnlyForDeploymentPostprocessing = 0;
		};
/* End PBXSourcesBuildPhase section */

/* Begin PBXVariantGroup section */
		9E3F96EF1E36D51600854A39 /* Main.storyboard */ = {
			isa = PBXVariantGroup;
			children = (
				9E3F96F01E36D51600854A39 /* Base */,
			);
			name = Main.storyboard;
			sourceTree = "<group>";
		};
		9E3F96F41E36D51600854A39 /* LaunchScreen.storyboard */ = {
			isa = PBXVariantGroup;
			children = (
				9E3F96F51E36D51600854A39 /* Base */,
			);
			name = LaunchScreen.storyboard;
			sourceTree = "<group>";
		};
/* End PBXVariantGroup section */

/* Begin XCBuildConfiguration section */
		9E3F96F81E36D51600854A39 /* Debug */ = {
			isa = XCBuildConfiguration;
			buildSettings = {
				ALWAYS_SEARCH_USER_PATHS = NO;
				CLANG_ANALYZER_NONNULL = YES;
				CLANG_CXX_LANGUAGE_STANDARD = "gnu++0x";
				CLANG_CXX_LIBRARY = "libc++";
				CLANG_ENABLE_MODULES = YES;
				CLANG_ENABLE_OBJC_ARC = YES;
				CLANG_WARN_BOOL_CONVERSION = YES;
				CLANG_WARN_CONSTANT_CONVERSION = YES;
				CLANG_WARN_DIRECT_OBJC_ISA_USAGE = YES_ERROR;
				CLANG_WARN_DOCUMENTATION_COMMENTS = YES;
				CLANG_WARN_EMPTY_BODY = YES;
				CLANG_WARN_ENUM_CONVERSION = YES;
				CLANG_WARN_INFINITE_RECURSION = YES;
				CLANG_WARN_INT_CONVERSION = YES;
				CLANG_WARN_OBJC_ROOT_CLASS = YES_ERROR;
				CLANG_WARN_SUSPICIOUS_MOVE = YES;
				CLANG_WARN_UNREACHABLE_CODE = YES;
				CLANG_WARN__DUPLICATE_METHOD_MATCH = YES;
				"CODE_SIGN_IDENTITY[sdk=iphoneos*]" = "iPhone Developer";
				COPY_PHASE_STRIP = NO;
				DEBUG_INFORMATION_FORMAT = dwarf;
				ENABLE_STRICT_OBJC_MSGSEND = YES;
				ENABLE_TESTABILITY = YES;
				GCC_C_LANGUAGE_STANDARD = gnu99;
				GCC_DYNAMIC_NO_PIC = NO;
				GCC_NO_COMMON_BLOCKS = YES;
				GCC_OPTIMIZATION_LEVEL = 0;
				GCC_PREPROCESSOR_DEFINITIONS = (
					"DEBUG=1",
					"$(inherited)",
				);
				GCC_WARN_64_TO_32_BIT_CONVERSION = YES;
				GCC_WARN_ABOUT_RETURN_TYPE = YES_ERROR;
				GCC_WARN_UNDECLARED_SELECTOR = YES;
				GCC_WARN_UNINITIALIZED_AUTOS = YES_AGGRESSIVE;
				GCC_WARN_UNUSED_FUNCTION = YES;
				GCC_WARN_UNUSED_VARIABLE = YES;
				IPHONEOS_DEPLOYMENT_TARGET = 10.2;
				MTL_ENABLE_DEBUG_INFO = YES;
				ONLY_ACTIVE_ARCH = YES;
				SDKROOT = iphoneos;
				SWIFT_ACTIVE_COMPILATION_CONDITIONS = DEBUG;
				SWIFT_OPTIMIZATION_LEVEL = "-Onone";
				TARGETED_DEVICE_FAMILY = "1,2";
			};
			name = Debug;
		};
		9E3F96F91E36D51600854A39 /* Release */ = {
			isa = XCBuildConfiguration;
			buildSettings = {
				ALWAYS_SEARCH_USER_PATHS = NO;
				CLANG_ANALYZER_NONNULL = YES;
				CLANG_CXX_LANGUAGE_STANDARD = "gnu++0x";
				CLANG_CXX_LIBRARY = "libc++";
				CLANG_ENABLE_MODULES = YES;
				CLANG_ENABLE_OBJC_ARC = YES;
				CLANG_WARN_BOOL_CONVERSION = YES;
				CLANG_WARN_CONSTANT_CONVERSION = YES;
				CLANG_WARN_DIRECT_OBJC_ISA_USAGE = YES_ERROR;
				CLANG_WARN_DOCUMENTATION_COMMENTS = YES;
				CLANG_WARN_EMPTY_BODY = YES;
				CLANG_WARN_ENUM_CONVERSION = YES;
				CLANG_WARN_INFINITE_RECURSION = YES;
				CLANG_WARN_INT_CONVERSION = YES;
				CLANG_WARN_OBJC_ROOT_CLASS = YES_ERROR;
				CLANG_WARN_SUSPICIOUS_MOVE = YES;
				CLANG_WARN_UNREACHABLE_CODE = YES;
				CLANG_WARN__DUPLICATE_METHOD_MATCH = YES;
				"CODE_SIGN_IDENTITY[sdk=iphoneos*]" = "iPhone Developer";
				COPY_PHASE_STRIP = NO;
				DEBUG_INFORMATION_FORMAT = "dwarf-with-dsym";
				ENABLE_NS_ASSERTIONS = NO;
				ENABLE_STRICT_OBJC_MSGSEND = YES;
				GCC_C_LANGUAGE_STANDARD = gnu99;
				GCC_NO_COMMON_BLOCKS = YES;
				GCC_WARN_64_TO_32_BIT_CONVERSION = YES;
				GCC_WARN_ABOUT_RETURN_TYPE = YES_ERROR;
				GCC_WARN_UNDECLARED_SELECTOR = YES;
				GCC_WARN_UNINITIALIZED_AUTOS = YES_AGGRESSIVE;
				GCC_WARN_UNUSED_FUNCTION = YES;
				GCC_WARN_UNUSED_VARIABLE = YES;
				IPHONEOS_DEPLOYMENT_TARGET = 10.2;
				MTL_ENABLE_DEBUG_INFO = NO;
				SDKROOT = iphoneos;
				SWIFT_OPTIMIZATION_LEVEL = "-Owholemodule";
				TARGETED_DEVICE_FAMILY = "1,2";
				VALIDATE_PRODUCT = YES;
			};
			name = Release;
		};
		9E3F96FB1E36D51600854A39 /* Debug */ = {
			isa = XCBuildConfiguration;
			baseConfigurationReference = 0170FC4AAC2C94A2B6E3E855 /* Pods-TopMovies.debug.xcconfig */;
			buildSettings = {
				ASSETCATALOG_COMPILER_APPICON_NAME = AppIcon;
				DEVELOPMENT_TEAM = GX7AQ33259;
				INFOPLIST_FILE = TopMovies/Info.plist;
				LD_RUNPATH_SEARCH_PATHS = "$(inherited) @executable_path/Frameworks";
				PRODUCT_BUNDLE_IDENTIFIER = com.hungdo.Flicks;
				PRODUCT_NAME = "$(TARGET_NAME)";
				SDKROOT = iphoneos;
				SWIFT_VERSION = 3.0;
			};
			name = Debug;
		};
		9E3F96FC1E36D51600854A39 /* Release */ = {
			isa = XCBuildConfiguration;
			baseConfigurationReference = 10C3D7E09838CE5B21241B43 /* Pods-TopMovies.release.xcconfig */;
			buildSettings = {
				ASSETCATALOG_COMPILER_APPICON_NAME = AppIcon;
				DEVELOPMENT_TEAM = GX7AQ33259;
				INFOPLIST_FILE = TopMovies/Info.plist;
				LD_RUNPATH_SEARCH_PATHS = "$(inherited) @executable_path/Frameworks";
				PRODUCT_BUNDLE_IDENTIFIER = com.hungdo.Flicks;
				PRODUCT_NAME = "$(TARGET_NAME)";
				SDKROOT = iphoneos;
				SWIFT_VERSION = 3.0;
			};
			name = Release;
		};
/* End XCBuildConfiguration section */

/* Begin XCConfigurationList section */
		9E3F96E31E36D51600854A39 /* Build configuration list for PBXProject "Flicks" */ = {
			isa = XCConfigurationList;
			buildConfigurations = (
				9E3F96F81E36D51600854A39 /* Debug */,
				9E3F96F91E36D51600854A39 /* Release */,
			);
			defaultConfigurationIsVisible = 0;
			defaultConfigurationName = Release;
		};
		9E3F96FA1E36D51600854A39 /* Build configuration list for PBXNativeTarget "Flicks" */ = {
			isa = XCConfigurationList;
			buildConfigurations = (
				9E3F96FB1E36D51600854A39 /* Debug */,
				9E3F96FC1E36D51600854A39 /* Release */,
			);
			defaultConfigurationIsVisible = 0;
			defaultConfigurationName = Release;
		};
/* End XCConfigurationList section */
	};
	rootObject = 9E3F96E01E36D51600854A39 /* Project object */;
}
